
Microsoft Visual Studio Solution File, Format Version 12.00
# Visual Studio Version 17
VisualStudioVersion = 17.11.35327.3
MinimumVisualStudioVersion = 10.0.40219.1
Project("{FAE04EC0-301F-11D3-BF4B-00C04F79EFBC}") = "QuanLyKhoHangMayTinh", "QuanLyKhoHangMayTinh\QuanLyKhoHangMayTinh.csproj", "{AC71A252-BDD7-46F3-B45B-923B33F5EEAA}"
EndProject
Global
	GlobalSection(SolutionConfigurationPlatforms) = preSolution
		Debug|Any CPU = Debug|Any CPU
		Release|Any CPU = Release|Any CPU
	EndGlobalSection
	GlobalSection(ProjectConfigurationPlatforms) = postSolution
		{AC71A252-BDD7-46F3-B45B-923B33F5EEAA}.Debug|Any CPU.ActiveCfg = Debug|Any CPU
		{AC71A252-BDD7-46F3-B45B-923B33F5EEAA}.Debug|Any CPU.Build.0 = Debug|Any CPU
		{AC71A252-BDD7-46F3-B45B-923B33F5EEAA}.Release|Any CPU.ActiveCfg = Release|Any CPU
		{AC71A252-BDD7-46F3-B45B-923B33F5EEAA}.Release|Any CPU.Build.0 = Release|Any CPU
	EndGlobalSection
	GlobalSection(SolutionProperties) = preSolution
		HideSolutionNode = FALSE
	EndGlobalSection
	GlobalSection(ExtensibilityGlobals) = postSolution
		SolutionGuid = {99B28D94-E739-4CE2-90D3-95CA6D85FEED}
	EndGlobalSection
EndGlobal
